
Microsoft Visual Studio Solution File, Format Version 12.00
# Visual Studio Version 17
VisualStudioVersion = 17.7.34009.444
MinimumVisualStudioVersion = 10.0.40219.1
Project("{888888A0-9F3D-457C-B088-3A5042F75D52}") = "cart_pole_neural_net", "cart_pole_neural_net\cart_pole_neural_net.pyproj", "{096F85D0-9A5D-47BF-A6D6-EE196FA4BD05}"
EndProject
Global
	GlobalSection(SolutionConfigurationPlatforms) = preSolution
		Debug|Any CPU = Debug|Any CPU
		Release|Any CPU = Release|Any CPU
	EndGlobalSection
	GlobalSection(ProjectConfigurationPlatforms) = postSolution
		{096F85D0-9A5D-47BF-A6D6-EE196FA4BD05}.Debug|Any CPU.ActiveCfg = Debug|Any CPU
		{096F85D0-9A5D-47BF-A6D6-EE196FA4BD05}.Release|Any CPU.ActiveCfg = Release|Any CPU
	EndGlobalSection
	GlobalSection(SolutionProperties) = preSolution
		HideSolutionNode = FALSE
	EndGlobalSection
	GlobalSection(ExtensibilityGlobals) = postSolution
		SolutionGuid = {1DB0E933-2697-49EB-8872-9063AAEEC46F}
	EndGlobalSection
EndGlobal
